
Microsoft Visual Studio Solution File, Format Version 11.00
# Visual Studio 2010
Project("{FAE04EC0-301F-11D3-BF4B-00C04F79EFBC}") = "HarvestApi", "HarvestApi.csproj", "{1B984350-FBC1-495E-9ACF-93CC8316235F}"
EndProject
Project("{FAE04EC0-301F-11D3-BF4B-00C04F79EFBC}") = "HarvestApiSpecs", "..\HarvestApiTests\HarvestApiSpecs.csproj", "{10C8AF24-220C-47B3-8BE4-E5D83668D000}"
EndProject
Project("{2150E333-8FDC-42A3-9474-1A3956D46DE8}") = "Solution Items", "Solution Items", "{AF1ED066-56F4-4EAE-92BE-C6DA0D767FBB}"
	ProjectSection(SolutionItems) = preProject
		..\.gitignore = ..\.gitignore
		..\README = ..\README
	EndProjectSection
EndProject
Global
	GlobalSection(SubversionScc) = preSolution
		Svn-Managed = True
		Manager = AnkhSVN - Subversion Support for Visual Studio
	EndGlobalSection
	GlobalSection(SolutionConfigurationPlatforms) = preSolution
		Debug|Any CPU = Debug|Any CPU
		Release|Any CPU = Release|Any CPU
	EndGlobalSection
	GlobalSection(ProjectConfigurationPlatforms) = postSolution
		{1B984350-FBC1-495E-9ACF-93CC8316235F}.Debug|Any CPU.ActiveCfg = Debug|Any CPU
		{1B984350-FBC1-495E-9ACF-93CC8316235F}.Debug|Any CPU.Build.0 = Debug|Any CPU
		{1B984350-FBC1-495E-9ACF-93CC8316235F}.Release|Any CPU.ActiveCfg = Release|Any CPU
		{1B984350-FBC1-495E-9ACF-93CC8316235F}.Release|Any CPU.Build.0 = Release|Any CPU
		{10C8AF24-220C-47B3-8BE4-E5D83668D000}.Debug|Any CPU.ActiveCfg = Debug|Any CPU
		{10C8AF24-220C-47B3-8BE4-E5D83668D000}.Debug|Any CPU.Build.0 = Debug|Any CPU
		{10C8AF24-220C-47B3-8BE4-E5D83668D000}.Release|Any CPU.ActiveCfg = Release|Any CPU
		{10C8AF24-220C-47B3-8BE4-E5D83668D000}.Release|Any CPU.Build.0 = Release|Any CPU
	EndGlobalSection
	GlobalSection(SolutionProperties) = preSolution
		HideSolutionNode = FALSE
	EndGlobalSection
EndGlobal
